// !$*UTF8*$!
{
	archiveVersion = 1;
	classes = {
	};
	objectVersion = 55;
	objects = {

/* Begin PBXBuildFile section */
		349B52722BEA09A800B49A95 /* LAB4App.swift in Sources */ = {isa = PBXBuildFile; fileRef = 349B52712BEA09A800B49A95 /* LAB4App.swift */; };
		349B52762BEA09AC00B49A95 /* Assets.xcassets in Resources */ = {isa = PBXBuildFile; fileRef = 349B52752BEA09AC00B49A95 /* Assets.xcassets */; };
		349B52792BEA09AC00B49A95 /* Preview Assets.xcassets in Resources */ = {isa = PBXBuildFile; fileRef = 349B52782BEA09AC00B49A95 /* Preview Assets.xcassets */; };
		34DD15202BEAA5B400981A12 /* ContentView.swift in Sources */ = {isa = PBXBuildFile; fileRef = 34DD151F2BEAA5B400981A12 /* ContentView.swift */; };
		34DD15222BEAA5D700981A12 /* Ball.swift in Sources */ = {isa = PBXBuildFile; fileRef = 34DD15212BEAA5D700981A12 /* Ball.swift */; };
		34DD15242BEAA5E300981A12 /* ViewModel.swift in Sources */ = {isa = PBXBuildFile; fileRef = 34DD15232BEAA5E300981A12 /* ViewModel.swift */; };
		34DD15262BEAA6CF00981A12 /* BallView.swift in Sources */ = {isa = PBXBuildFile; fileRef = 34DD15252BEAA6CF00981A12 /* BallView.swift */; };
/* End PBXBuildFile section */

/* Begin PBXFileReference section */
		349B526E2BEA09A800B49A95 /* LAB4.app */ = {isa = PBXFileReference; explicitFileType = wrapper.application; includeInIndex = 0; path = LAB4.app; sourceTree = BUILT_PRODUCTS_DIR; };
		349B52712BEA09A800B49A95 /* LAB4App.swift */ = {isa = PBXFileReference; lastKnownFileType = sourcecode.swift; path = LAB4App.swift; sourceTree = "<group>"; };
		349B52752BEA09AC00B49A95 /* Assets.xcassets */ = {isa = PBXFileReference; lastKnownFileType = folder.assetcatalog; path = Assets.xcassets; sourceTree = "<group>"; };
		349B52782BEA09AC00B49A95 /* Preview Assets.xcassets */ = {isa = PBXFileReference; lastKnownFileType = folder.assetcatalog; path = "Preview Assets.xcassets"; sourceTree = "<group>"; };
		349B527A2BEA09AC00B49A95 /* LAB4.entitlements */ = {isa = PBXFileReference; lastKnownFileType = text.plist.entitlements; path = LAB4.entitlements; sourceTree = "<group>"; };
		34DD151F2BEAA5B400981A12 /* ContentView.swift */ = {isa = PBXFileReference; lastKnownFileType = sourcecode.swift; path = ContentView.swift; sourceTree = "<group>"; };
		34DD15212BEAA5D700981A12 /* Ball.swift */ = {isa = PBXFileReference; lastKnownFileType = sourcecode.swift; path = Ball.swift; sourceTree = "<group>"; };
		34DD15232BEAA5E300981A12 /* ViewModel.swift */ = {isa = PBXFileReference; lastKnownFileType = sourcecode.swift; path = ViewModel.swift; sourceTree = "<group>"; };
		34DD15252BEAA6CF00981A12 /* BallView.swift */ = {isa = PBXFileReference; lastKnownFileType = sourcecode.swift; path = BallView.swift; sourceTree = "<group>"; };
/* End PBXFileReference section */

/* Begin PBXFrameworksBuildPhase section */
		349B526B2BEA09A800B49A95 /* Frameworks */ = {
			isa = PBXFrameworksBuildPhase;
			buildActionMask = 2147483647;
			files = (
			);
			runOnlyForDeploymentPostprocessing = 0;
		};
/* End PBXFrameworksBuildPhase section */

/* Begin PBXGroup section */
		349B52652BEA09A800B49A95 = {
			isa = PBXGroup;
			children = (
				349B52702BEA09A800B49A95 /* LAB4 */,
				349B526F2BEA09A800B49A95 /* Products */,
			);
			sourceTree = "<group>";
		};
		349B526F2BEA09A800B49A95 /* Products */ = {
			isa = PBXGroup;
			children = (
				349B526E2BEA09A800B49A95 /* LAB4.app */,
			);
			name = Products;
			sourceTree = "<group>";
		};
		349B52702BEA09A800B49A95 /* LAB4 */ = {
			isa = PBXGroup;
			children = (
				34DD15232BEAA5E300981A12 /* ViewModel.swift */,
				34DD15212BEAA5D700981A12 /* Ball.swift */,
				34DD151F2BEAA5B400981A12 /* ContentView.swift */,
				34DD15142BEA90A300981A12 /* assets */,
				349B52712BEA09A800B49A95 /* LAB4App.swift */,
				349B52752BEA09AC00B49A95 /* Assets.xcassets */,
				349B527A2BEA09AC00B49A95 /* LAB4.entitlements */,
				349B52772BEA09AC00B49A95 /* Preview Content */,
				34DD15252BEAA6CF00981A12 /* BallView.swift */,
			);
			path = LAB4;
			sourceTree = "<group>";
		};
		349B52772BEA09AC00B49A95 /* Preview Content */ = {
			isa = PBXGroup;
			children = (
				349B52782BEA09AC00B49A95 /* Preview Assets.xcassets */,
			);
			path = "Preview Content";
			sourceTree = "<group>";
		};
		34DD15142BEA90A300981A12 /* assets */ = {
			isa = PBXGroup;
			children = (
			);
			path = assets;
			sourceTree = "<group>";
		};
/* End PBXGroup section */

/* Begin PBXNativeTarget section */
		349B526D2BEA09A800B49A95 /* LAB4 */ = {
			isa = PBXNativeTarget;
			buildConfigurationList = 349B527D2BEA09AC00B49A95 /* Build configuration list for PBXNativeTarget "LAB4" */;
			buildPhases = (
				349B526A2BEA09A800B49A95 /* Sources */,
				349B526B2BEA09A800B49A95 /* Frameworks */,
				349B526C2BEA09A800B49A95 /* Resources */,
			);
			buildRules = (
			);
			dependencies = (
			);
			name = LAB4;
			productName = LAB4;
			productReference = 349B526E2BEA09A800B49A95 /* LAB4.app */;
			productType = "com.apple.product-type.application";
		};
/* End PBXNativeTarget section */

/* Begin PBXProject section */
		349B52662BEA09A800B49A95 /* Project object */ = {
			isa = PBXProject;
			attributes = {
				BuildIndependentTargetsInParallel = 1;
				LastSwiftUpdateCheck = 1340;
				LastUpgradeCheck = 1340;
				TargetAttributes = {
					349B526D2BEA09A800B49A95 = {
						CreatedOnToolsVersion = 13.4.1;
					};
				};
			};
			buildConfigurationList = 349B52692BEA09A800B49A95 /* Build configuration list for PBXProject "LAB4" */;
			compatibilityVersion = "Xcode 13.0";
			developmentRegion = en;
			hasScannedForEncodings = 0;
			knownRegions = (
				en,
				Base,
			);
			mainGroup = 349B52652BEA09A800B49A95;
			productRefGroup = 349B526F2BEA09A800B49A95 /* Products */;
			projectDirPath = "";
			projectRoot = "";
			targets = (
				349B526D2BEA09A800B49A95 /* LAB4 */,
			);
		};
/* End PBXProject section */

/* Begin PBXResourcesBuildPhase section */
		349B526C2BEA09A800B49A95 /* Resources */ = {
			isa = PBXResourcesBuildPhase;
			buildActionMask = 2147483647;
			files = (
				349B52792BEA09AC00B49A95 /* Preview Assets.xcassets in Resources */,
				349B52762BEA09AC00B49A95 /* Assets.xcassets in Resources */,
			);
			runOnlyForDeploymentPostprocessing = 0;
		};
/* End PBXResourcesBuildPhase section */

/* Begin PBXSourcesBuildPhase section */
		349B526A2BEA09A800B49A95 /* Sources */ = {
			isa = PBXSourcesBuildPhase;
			buildActionMask = 2147483647;
			files = (
				34DD15222BEAA5D700981A12 /* Ball.swift in Sources */,
				34DD15202BEAA5B400981A12 /* ContentView.swift in Sources */,
				34DD15242BEAA5E300981A12 /* ViewModel.swift in Sources */,
				34DD15262BEAA6CF00981A12 /* BallView.swift in Sources */,
				349B52722BEA09A800B49A95 /* LAB4App.swift in Sources */,
			);
			runOnlyForDeploymentPostprocessing = 0;
		};
/* End PBXSourcesBuildPhase section */

/* Begin XCBuildConfiguration section */
		349B527B2BEA09AC00B49A95 /* Debug */ = {
			isa = XCBuildConfiguration;
			buildSettings = {
				ALWAYS_SEARCH_USER_PATHS = NO;
				CLANG_ANALYZER_NONNULL = YES;
				CLANG_ANALYZER_NUMBER_OBJECT_CONVERSION = YES_AGGRESSIVE;
				CLANG_CXX_LANGUAGE_STANDARD = "gnu++17";
				CLANG_ENABLE_MODULES = YES;
				CLANG_ENABLE_OBJC_ARC = YES;
				CLANG_ENABLE_OBJC_WEAK = YES;
				CLANG_WARN_BLOCK_CAPTURE_AUTORELEASING = YES;
				CLANG_WARN_BOOL_CONVERSION = YES;
				CLANG_WARN_COMMA = YES;
				CLANG_WARN_CONSTANT_CONVERSION = YES;
				CLANG_WARN_DEPRECATED_OBJC_IMPLEMENTATIONS = YES;
				CLANG_WARN_DIRECT_OBJC_ISA_USAGE = YES_ERROR;
				CLANG_WARN_DOCUMENTATION_COMMENTS = YES;
				CLANG_WARN_EMPTY_BODY = YES;
				CLANG_WARN_ENUM_CONVERSION = YES;
				CLANG_WARN_INFINITE_RECURSION = YES;
				CLANG_WARN_INT_CONVERSION = YES;
				CLANG_WARN_NON_LITERAL_NULL_CONVERSION = YES;
				CLANG_WARN_OBJC_IMPLICIT_RETAIN_SELF = YES;
				CLANG_WARN_OBJC_LITERAL_CONVERSION = YES;
				CLANG_WARN_OBJC_ROOT_CLASS = YES_ERROR;
				CLANG_WARN_QUOTED_INCLUDE_IN_FRAMEWORK_HEADER = YES;
				CLANG_WARN_RANGE_LOOP_ANALYSIS = YES;
				CLANG_WARN_STRICT_PROTOTYPES = YES;
				CLANG_WARN_SUSPICIOUS_MOVE = YES;
				CLANG_WARN_UNGUARDED_AVAILABILITY = YES_AGGRESSIVE;
				CLANG_WARN_UNREACHABLE_CODE = YES;
				CLANG_WARN__DUPLICATE_METHOD_MATCH = YES;
				COPY_PHASE_STRIP = NO;
				DEBUG_INFORMATION_FORMAT = dwarf;
				ENABLE_STRICT_OBJC_MSGSEND = YES;
				ENABLE_TESTABILITY = YES;
				GCC_C_LANGUAGE_STANDARD = gnu11;
				GCC_DYNAMIC_NO_PIC = NO;
				GCC_NO_COMMON_BLOCKS = YES;
				GCC_OPTIMIZATION_LEVEL = 0;
				GCC_PREPROCESSOR_DEFINITIONS = (
					"DEBUG=1",
					"$(inherited)",
				);
				GCC_WARN_64_TO_32_BIT_CONVERSION = YES;
				GCC_WARN_ABOUT_RETURN_TYPE = YES_ERROR;
				GCC_WARN_UNDECLARED_SELECTOR = YES;
				GCC_WARN_UNINITIALIZED_AUTOS = YES_AGGRESSIVE;
				GCC_WARN_UNUSED_FUNCTION = YES;
				GCC_WARN_UNUSED_VARIABLE = YES;
				MACOSX_DEPLOYMENT_TARGET = 12.1;
				MTL_ENABLE_DEBUG_INFO = INCLUDE_SOURCE;
				MTL_FAST_MATH = YES;
				ONLY_ACTIVE_ARCH = YES;
				SDKROOT = macosx;
				SWIFT_ACTIVE_COMPILATION_CONDITIONS = DEBUG;
				SWIFT_OPTIMIZATION_LEVEL = "-Onone";
			};
			name = Debug;
		};
		349B527C2BEA09AC00B49A95 /* Release */ = {
			isa = XCBuildConfiguration;
			buildSettings = {
				ALWAYS_SEARCH_USER_PATHS = NO;
				CLANG_ANALYZER_NONNULL = YES;
				CLANG_ANALYZER_NUMBER_OBJECT_CONVERSION = YES_AGGRESSIVE;
				CLANG_CXX_LANGUAGE_STANDARD = "gnu++17";
				CLANG_ENABLE_MODULES = YES;
				CLANG_ENABLE_OBJC_ARC = YES;
				CLANG_ENABLE_OBJC_WEAK = YES;
				CLANG_WARN_BLOCK_CAPTURE_AUTORELEASING = YES;
				CLANG_WARN_BOOL_CONVERSION = YES;
				CLANG_WARN_COMMA = YES;
				CLANG_WARN_CONSTANT_CONVERSION = YES;
				CLANG_WARN_DEPRECATED_OBJC_IMPLEMENTATIONS = YES;
				CLANG_WARN_DIRECT_OBJC_ISA_USAGE = YES_ERROR;
				CLANG_WARN_DOCUMENTATION_COMMENTS = YES;
				CLANG_WARN_EMPTY_BODY = YES;
				CLANG_WARN_ENUM_CONVERSION = YES;
				CLANG_WARN_INFINITE_RECURSION = YES;
				CLANG_WARN_INT_CONVERSION = YES;
				CLANG_WARN_NON_LITERAL_NULL_CONVERSION = YES;
				CLANG_WARN_OBJC_IMPLICIT_RETAIN_SELF = YES;
				CLANG_WARN_OBJC_LITERAL_CONVERSION = YES;
				CLANG_WARN_OBJC_ROOT_CLASS = YES_ERROR;
				CLANG_WARN_QUOTED_INCLUDE_IN_FRAMEWORK_HEADER = YES;
				CLANG_WARN_RANGE_LOOP_ANALYSIS = YES;
				CLANG_WARN_STRICT_PROTOTYPES = YES;
				CLANG_WARN_SUSPICIOUS_MOVE = YES;
				CLANG_WARN_UNGUARDED_AVAILABILITY = YES_AGGRESSIVE;
				CLANG_WARN_UNREACHABLE_CODE = YES;
				CLANG_WARN__DUPLICATE_METHOD_MATCH = YES;
				COPY_PHASE_STRIP = NO;
				DEBUG_INFORMATION_FORMAT = "dwarf-with-dsym";
				ENABLE_NS_ASSERTIONS = NO;
				ENABLE_STRICT_OBJC_MSGSEND = YES;
				GCC_C_LANGUAGE_STANDARD = gnu11;
				GCC_NO_COMMON_BLOCKS = YES;
				GCC_WARN_64_TO_32_BIT_CONVERSION = YES;
				GCC_WARN_ABOUT_RETURN_TYPE = YES_ERROR;
				GCC_WARN_UNDECLARED_SELECTOR = YES;
				GCC_WARN_UNINITIALIZED_AUTOS = YES_AGGRESSIVE;
				GCC_WARN_UNUSED_FUNCTION = YES;
				GCC_WARN_UNUSED_VARIABLE = YES;
				MACOSX_DEPLOYMENT_TARGET = 12.1;
				MTL_ENABLE_DEBUG_INFO = NO;
				MTL_FAST_MATH = YES;
				SDKROOT = macosx;
				SWIFT_COMPILATION_MODE = wholemodule;
				SWIFT_OPTIMIZATION_LEVEL = "-O";
			};
			name = Release;
		};
		349B527E2BEA09AC00B49A95 /* Debug */ = {
			isa = XCBuildConfiguration;
			buildSettings = {
				ASSETCATALOG_COMPILER_APPICON_NAME = AppIcon;
				ASSETCATALOG_COMPILER_GLOBAL_ACCENT_COLOR_NAME = AccentColor;
				CODE_SIGN_ENTITLEMENTS = LAB4/LAB4.entitlements;
				CODE_SIGN_STYLE = Automatic;
				COMBINE_HIDPI_IMAGES = YES;
				CURRENT_PROJECT_VERSION = 1;
				DEVELOPMENT_ASSET_PATHS = "\"LAB4/Preview Content\"";
				ENABLE_PREVIEWS = YES;
				GENERATE_INFOPLIST_FILE = YES;
				INFOPLIST_KEY_NSHumanReadableCopyright = "";
				LD_RUNPATH_SEARCH_PATHS = (
					"$(inherited)",
					"@executable_path/../Frameworks",
				);
				MARKETING_VERSION = 1.0;
				PRODUCT_BUNDLE_IDENTIFIER = jandziewulski.LAB4;
				PRODUCT_NAME = "$(TARGET_NAME)";
				SWIFT_EMIT_LOC_STRINGS = YES;
				SWIFT_VERSION = 5.0;
			};
			name = Debug;
		};
		349B527F2BEA09AC00B49A95 /* Release */ = {
			isa = XCBuildConfiguration;
			buildSettings = {
				ASSETCATALOG_COMPILER_APPICON_NAME = AppIcon;
				ASSETCATALOG_COMPILER_GLOBAL_ACCENT_COLOR_NAME = AccentColor;
				CODE_SIGN_ENTITLEMENTS = LAB4/LAB4.entitlements;
				CODE_SIGN_STYLE = Automatic;
				COMBINE_HIDPI_IMAGES = YES;
				CURRENT_PROJECT_VERSION = 1;
				DEVELOPMENT_ASSET_PATHS = "\"LAB4/Preview Content\"";
				ENABLE_PREVIEWS = YES;
				GENERATE_INFOPLIST_FILE = YES;
				INFOPLIST_KEY_NSHumanReadableCopyright = "";
				LD_RUNPATH_SEARCH_PATHS = (
					"$(inherited)",
					"@executable_path/../Frameworks",
				);
				MARKETING_VERSION = 1.0;
				PRODUCT_BUNDLE_IDENTIFIER = jandziewulski.LAB4;
				PRODUCT_NAME = "$(TARGET_NAME)";
				SWIFT_EMIT_LOC_STRINGS = YES;
				SWIFT_VERSION = 5.0;
			};
			name = Release;
		};
/* End XCBuildConfiguration section */

/* Begin XCConfigurationList section */
		349B52692BEA09A800B49A95 /* Build configuration list for PBXProject "LAB4" */ = {
			isa = XCConfigurationList;
			buildConfigurations = (
				349B527B2BEA09AC00B49A95 /* Debug */,
				349B527C2BEA09AC00B49A95 /* Release */,
			);
			defaultConfigurationIsVisible = 0;
			defaultConfigurationName = Release;
		};
		349B527D2BEA09AC00B49A95 /* Build configuration list for PBXNativeTarget "LAB4" */ = {
			isa = XCConfigurationList;
			buildConfigurations = (
				349B527E2BEA09AC00B49A95 /* Debug */,
				349B527F2BEA09AC00B49A95 /* Release */,
			);
			defaultConfigurationIsVisible = 0;
			defaultConfigurationName = Release;
		};
/* End XCConfigurationList section */
	};
	rootObject = 349B52662BEA09A800B49A95 /* Project object */;
}
