// !$*UTF8*$!
{
	archiveVersion = 1;
	classes = {
	};
	objectVersion = 55;
	objects = {

/* Begin PBXBuildFile section */
		34A316EC2BB2FEA100C3811C /* AppDelegate.swift in Sources */ = {isa = PBXBuildFile; fileRef = 34A316EB2BB2FEA100C3811C /* AppDelegate.swift */; };
		34A316EE2BB2FEA100C3811C /* ViewController.swift in Sources */ = {isa = PBXBuildFile; fileRef = 34A316ED2BB2FEA100C3811C /* ViewController.swift */; };
		34A316F02BB2FEA600C3811C /* Assets.xcassets in Resources */ = {isa = PBXBuildFile; fileRef = 34A316EF2BB2FEA600C3811C /* Assets.xcassets */; };
		34A316F32BB2FEA600C3811C /* Main.storyboard in Resources */ = {isa = PBXBuildFile; fileRef = 34A316F12BB2FEA600C3811C /* Main.storyboard */; };
		34A316FE2BB2FEA600C3811C /* LAB2Tests.swift in Sources */ = {isa = PBXBuildFile; fileRef = 34A316FD2BB2FEA600C3811C /* LAB2Tests.swift */; };
		34A317082BB2FEA600C3811C /* LAB2UITests.swift in Sources */ = {isa = PBXBuildFile; fileRef = 34A317072BB2FEA600C3811C /* LAB2UITests.swift */; };
		34A3170A2BB2FEA600C3811C /* LAB2UITestsLaunchTests.swift in Sources */ = {isa = PBXBuildFile; fileRef = 34A317092BB2FEA600C3811C /* LAB2UITestsLaunchTests.swift */; };
		34A317192BB324C400C3811C /* Model.swift in Sources */ = {isa = PBXBuildFile; fileRef = 34A317182BB324C400C3811C /* Model.swift */; };
/* End PBXBuildFile section */

/* Begin PBXContainerItemProxy section */
		34A316FA2BB2FEA600C3811C /* PBXContainerItemProxy */ = {
			isa = PBXContainerItemProxy;
			containerPortal = 34A316E02BB2FEA100C3811C /* Project object */;
			proxyType = 1;
			remoteGlobalIDString = 34A316E72BB2FEA100C3811C;
			remoteInfo = LAB2;
		};
		34A317042BB2FEA600C3811C /* PBXContainerItemProxy */ = {
			isa = PBXContainerItemProxy;
			containerPortal = 34A316E02BB2FEA100C3811C /* Project object */;
			proxyType = 1;
			remoteGlobalIDString = 34A316E72BB2FEA100C3811C;
			remoteInfo = LAB2;
		};
/* End PBXContainerItemProxy section */

/* Begin PBXFileReference section */
		34A316E82BB2FEA100C3811C /* LAB2.app */ = {isa = PBXFileReference; explicitFileType = wrapper.application; includeInIndex = 0; path = LAB2.app; sourceTree = BUILT_PRODUCTS_DIR; };
		34A316EB2BB2FEA100C3811C /* AppDelegate.swift */ = {isa = PBXFileReference; lastKnownFileType = sourcecode.swift; path = AppDelegate.swift; sourceTree = "<group>"; };
		34A316ED2BB2FEA100C3811C /* ViewController.swift */ = {isa = PBXFileReference; lastKnownFileType = sourcecode.swift; path = ViewController.swift; sourceTree = "<group>"; };
		34A316EF2BB2FEA600C3811C /* Assets.xcassets */ = {isa = PBXFileReference; lastKnownFileType = folder.assetcatalog; path = Assets.xcassets; sourceTree = "<group>"; };
		34A316F22BB2FEA600C3811C /* Base */ = {isa = PBXFileReference; lastKnownFileType = file.storyboard; name = Base; path = Base.lproj/Main.storyboard; sourceTree = "<group>"; };
		34A316F42BB2FEA600C3811C /* LAB2.entitlements */ = {isa = PBXFileReference; lastKnownFileType = text.plist.entitlements; path = LAB2.entitlements; sourceTree = "<group>"; };
		34A316F92BB2FEA600C3811C /* LAB2Tests.xctest */ = {isa = PBXFileReference; explicitFileType = wrapper.cfbundle; includeInIndex = 0; path = LAB2Tests.xctest; sourceTree = BUILT_PRODUCTS_DIR; };
		34A316FD2BB2FEA600C3811C /* LAB2Tests.swift */ = {isa = PBXFileReference; lastKnownFileType = sourcecode.swift; path = LAB2Tests.swift; sourceTree = "<group>"; };
		34A317032BB2FEA600C3811C /* LAB2UITests.xctest */ = {isa = PBXFileReference; explicitFileType = wrapper.cfbundle; includeInIndex = 0; path = LAB2UITests.xctest; sourceTree = BUILT_PRODUCTS_DIR; };
		34A317072BB2FEA600C3811C /* LAB2UITests.swift */ = {isa = PBXFileReference; lastKnownFileType = sourcecode.swift; path = LAB2UITests.swift; sourceTree = "<group>"; };
		34A317092BB2FEA600C3811C /* LAB2UITestsLaunchTests.swift */ = {isa = PBXFileReference; lastKnownFileType = sourcecode.swift; path = LAB2UITestsLaunchTests.swift; sourceTree = "<group>"; };
		34A317182BB324C400C3811C /* Model.swift */ = {isa = PBXFileReference; lastKnownFileType = sourcecode.swift; path = Model.swift; sourceTree = "<group>"; };
/* End PBXFileReference section */

/* Begin PBXFrameworksBuildPhase section */
		34A316E52BB2FEA100C3811C /* Frameworks */ = {
			isa = PBXFrameworksBuildPhase;
			buildActionMask = 2147483647;
			files = (
			);
			runOnlyForDeploymentPostprocessing = 0;
		};
		34A316F62BB2FEA600C3811C /* Frameworks */ = {
			isa = PBXFrameworksBuildPhase;
			buildActionMask = 2147483647;
			files = (
			);
			runOnlyForDeploymentPostprocessing = 0;
		};
		34A317002BB2FEA600C3811C /* Frameworks */ = {
			isa = PBXFrameworksBuildPhase;
			buildActionMask = 2147483647;
			files = (
			);
			runOnlyForDeploymentPostprocessing = 0;
		};
/* End PBXFrameworksBuildPhase section */

/* Begin PBXGroup section */
		34A316DF2BB2FEA100C3811C = {
			isa = PBXGroup;
			children = (
				34A316EA2BB2FEA100C3811C /* LAB2 */,
				34A316FC2BB2FEA600C3811C /* LAB2Tests */,
				34A317062BB2FEA600C3811C /* LAB2UITests */,
				34A316E92BB2FEA100C3811C /* Products */,
			);
			sourceTree = "<group>";
		};
		34A316E92BB2FEA100C3811C /* Products */ = {
			isa = PBXGroup;
			children = (
				34A316E82BB2FEA100C3811C /* LAB2.app */,
				34A316F92BB2FEA600C3811C /* LAB2Tests.xctest */,
				34A317032BB2FEA600C3811C /* LAB2UITests.xctest */,
			);
			name = Products;
			sourceTree = "<group>";
		};
		34A316EA2BB2FEA100C3811C /* LAB2 */ = {
			isa = PBXGroup;
			children = (
				34A316EB2BB2FEA100C3811C /* AppDelegate.swift */,
				34A316ED2BB2FEA100C3811C /* ViewController.swift */,
				34A316EF2BB2FEA600C3811C /* Assets.xcassets */,
				34A316F12BB2FEA600C3811C /* Main.storyboard */,
				34A316F42BB2FEA600C3811C /* LAB2.entitlements */,
				34A317182BB324C400C3811C /* Model.swift */,
			);
			path = LAB2;
			sourceTree = "<group>";
		};
		34A316FC2BB2FEA600C3811C /* LAB2Tests */ = {
			isa = PBXGroup;
			children = (
				34A316FD2BB2FEA600C3811C /* LAB2Tests.swift */,
			);
			path = LAB2Tests;
			sourceTree = "<group>";
		};
		34A317062BB2FEA600C3811C /* LAB2UITests */ = {
			isa = PBXGroup;
			children = (
				34A317072BB2FEA600C3811C /* LAB2UITests.swift */,
				34A317092BB2FEA600C3811C /* LAB2UITestsLaunchTests.swift */,
			);
			path = LAB2UITests;
			sourceTree = "<group>";
		};
/* End PBXGroup section */

/* Begin PBXNativeTarget section */
		34A316E72BB2FEA100C3811C /* LAB2 */ = {
			isa = PBXNativeTarget;
			buildConfigurationList = 34A3170D2BB2FEA600C3811C /* Build configuration list for PBXNativeTarget "LAB2" */;
			buildPhases = (
				34A316E42BB2FEA100C3811C /* Sources */,
				34A316E52BB2FEA100C3811C /* Frameworks */,
				34A316E62BB2FEA100C3811C /* Resources */,
			);
			buildRules = (
			);
			dependencies = (
			);
			name = LAB2;
			productName = LAB2;
			productReference = 34A316E82BB2FEA100C3811C /* LAB2.app */;
			productType = "com.apple.product-type.application";
		};
		34A316F82BB2FEA600C3811C /* LAB2Tests */ = {
			isa = PBXNativeTarget;
			buildConfigurationList = 34A317102BB2FEA600C3811C /* Build configuration list for PBXNativeTarget "LAB2Tests" */;
			buildPhases = (
				34A316F52BB2FEA600C3811C /* Sources */,
				34A316F62BB2FEA600C3811C /* Frameworks */,
				34A316F72BB2FEA600C3811C /* Resources */,
			);
			buildRules = (
			);
			dependencies = (
				34A316FB2BB2FEA600C3811C /* PBXTargetDependency */,
			);
			name = LAB2Tests;
			productName = LAB2Tests;
			productReference = 34A316F92BB2FEA600C3811C /* LAB2Tests.xctest */;
			productType = "com.apple.product-type.bundle.unit-test";
		};
		34A317022BB2FEA600C3811C /* LAB2UITests */ = {
			isa = PBXNativeTarget;
			buildConfigurationList = 34A317132BB2FEA600C3811C /* Build configuration list for PBXNativeTarget "LAB2UITests" */;
			buildPhases = (
				34A316FF2BB2FEA600C3811C /* Sources */,
				34A317002BB2FEA600C3811C /* Frameworks */,
				34A317012BB2FEA600C3811C /* Resources */,
			);
			buildRules = (
			);
			dependencies = (
				34A317052BB2FEA600C3811C /* PBXTargetDependency */,
			);
			name = LAB2UITests;
			productName = LAB2UITests;
			productReference = 34A317032BB2FEA600C3811C /* LAB2UITests.xctest */;
			productType = "com.apple.product-type.bundle.ui-testing";
		};
/* End PBXNativeTarget section */

/* Begin PBXProject section */
		34A316E02BB2FEA100C3811C /* Project object */ = {
			isa = PBXProject;
			attributes = {
				BuildIndependentTargetsInParallel = 1;
				LastSwiftUpdateCheck = 1340;
				LastUpgradeCheck = 1340;
				TargetAttributes = {
					34A316E72BB2FEA100C3811C = {
						CreatedOnToolsVersion = 13.4.1;
					};
					34A316F82BB2FEA600C3811C = {
						CreatedOnToolsVersion = 13.4.1;
						TestTargetID = 34A316E72BB2FEA100C3811C;
					};
					34A317022BB2FEA600C3811C = {
						CreatedOnToolsVersion = 13.4.1;
						TestTargetID = 34A316E72BB2FEA100C3811C;
					};
				};
			};
			buildConfigurationList = 34A316E32BB2FEA100C3811C /* Build configuration list for PBXProject "LAB2" */;
			compatibilityVersion = "Xcode 13.0";
			developmentRegion = en;
			hasScannedForEncodings = 0;
			knownRegions = (
				en,
				Base,
			);
			mainGroup = 34A316DF2BB2FEA100C3811C;
			productRefGroup = 34A316E92BB2FEA100C3811C /* Products */;
			projectDirPath = "";
			projectRoot = "";
			targets = (
				34A316E72BB2FEA100C3811C /* LAB2 */,
				34A316F82BB2FEA600C3811C /* LAB2Tests */,
				34A317022BB2FEA600C3811C /* LAB2UITests */,
			);
		};
/* End PBXProject section */

/* Begin PBXResourcesBuildPhase section */
		34A316E62BB2FEA100C3811C /* Resources */ = {
			isa = PBXResourcesBuildPhase;
			buildActionMask = 2147483647;
			files = (
				34A316F02BB2FEA600C3811C /* Assets.xcassets in Resources */,
				34A316F32BB2FEA600C3811C /* Main.storyboard in Resources */,
			);
			runOnlyForDeploymentPostprocessing = 0;
		};
		34A316F72BB2FEA600C3811C /* Resources */ = {
			isa = PBXResourcesBuildPhase;
			buildActionMask = 2147483647;
			files = (
			);
			runOnlyForDeploymentPostprocessing = 0;
		};
		34A317012BB2FEA600C3811C /* Resources */ = {
			isa = PBXResourcesBuildPhase;
			buildActionMask = 2147483647;
			files = (
			);
			runOnlyForDeploymentPostprocessing = 0;
		};
/* End PBXResourcesBuildPhase section */

/* Begin PBXSourcesBuildPhase section */
		34A316E42BB2FEA100C3811C /* Sources */ = {
			isa = PBXSourcesBuildPhase;
			buildActionMask = 2147483647;
			files = (
				34A317192BB324C400C3811C /* Model.swift in Sources */,
				34A316EE2BB2FEA100C3811C /* ViewController.swift in Sources */,
				34A316EC2BB2FEA100C3811C /* AppDelegate.swift in Sources */,
			);
			runOnlyForDeploymentPostprocessing = 0;
		};
		34A316F52BB2FEA600C3811C /* Sources */ = {
			isa = PBXSourcesBuildPhase;
			buildActionMask = 2147483647;
			files = (
				34A316FE2BB2FEA600C3811C /* LAB2Tests.swift in Sources */,
			);
			runOnlyForDeploymentPostprocessing = 0;
		};
		34A316FF2BB2FEA600C3811C /* Sources */ = {
			isa = PBXSourcesBuildPhase;
			buildActionMask = 2147483647;
			files = (
				34A317082BB2FEA600C3811C /* LAB2UITests.swift in Sources */,
				34A3170A2BB2FEA600C3811C /* LAB2UITestsLaunchTests.swift in Sources */,
			);
			runOnlyForDeploymentPostprocessing = 0;
		};
/* End PBXSourcesBuildPhase section */

/* Begin PBXTargetDependency section */
		34A316FB2BB2FEA600C3811C /* PBXTargetDependency */ = {
			isa = PBXTargetDependency;
			target = 34A316E72BB2FEA100C3811C /* LAB2 */;
			targetProxy = 34A316FA2BB2FEA600C3811C /* PBXContainerItemProxy */;
		};
		34A317052BB2FEA600C3811C /* PBXTargetDependency */ = {
			isa = PBXTargetDependency;
			target = 34A316E72BB2FEA100C3811C /* LAB2 */;
			targetProxy = 34A317042BB2FEA600C3811C /* PBXContainerItemProxy */;
		};
/* End PBXTargetDependency section */

/* Begin PBXVariantGroup section */
		34A316F12BB2FEA600C3811C /* Main.storyboard */ = {
			isa = PBXVariantGroup;
			children = (
				34A316F22BB2FEA600C3811C /* Base */,
			);
			name = Main.storyboard;
			sourceTree = "<group>";
		};
/* End PBXVariantGroup section */

/* Begin XCBuildConfiguration section */
		34A3170B2BB2FEA600C3811C /* Debug */ = {
			isa = XCBuildConfiguration;
			buildSettings = {
				ALWAYS_SEARCH_USER_PATHS = NO;
				CLANG_ANALYZER_NONNULL = YES;
				CLANG_ANALYZER_NUMBER_OBJECT_CONVERSION = YES_AGGRESSIVE;
				CLANG_CXX_LANGUAGE_STANDARD = "gnu++17";
				CLANG_ENABLE_MODULES = YES;
				CLANG_ENABLE_OBJC_ARC = YES;
				CLANG_ENABLE_OBJC_WEAK = YES;
				CLANG_WARN_BLOCK_CAPTURE_AUTORELEASING = YES;
				CLANG_WARN_BOOL_CONVERSION = YES;
				CLANG_WARN_COMMA = YES;
				CLANG_WARN_CONSTANT_CONVERSION = YES;
				CLANG_WARN_DEPRECATED_OBJC_IMPLEMENTATIONS = YES;
				CLANG_WARN_DIRECT_OBJC_ISA_USAGE = YES_ERROR;
				CLANG_WARN_DOCUMENTATION_COMMENTS = YES;
				CLANG_WARN_EMPTY_BODY = YES;
				CLANG_WARN_ENUM_CONVERSION = YES;
				CLANG_WARN_INFINITE_RECURSION = YES;
				CLANG_WARN_INT_CONVERSION = YES;
				CLANG_WARN_NON_LITERAL_NULL_CONVERSION = YES;
				CLANG_WARN_OBJC_IMPLICIT_RETAIN_SELF = YES;
				CLANG_WARN_OBJC_LITERAL_CONVERSION = YES;
				CLANG_WARN_OBJC_ROOT_CLASS = YES_ERROR;
				CLANG_WARN_QUOTED_INCLUDE_IN_FRAMEWORK_HEADER = YES;
				CLANG_WARN_RANGE_LOOP_ANALYSIS = YES;
				CLANG_WARN_STRICT_PROTOTYPES = YES;
				CLANG_WARN_SUSPICIOUS_MOVE = YES;
				CLANG_WARN_UNGUARDED_AVAILABILITY = YES_AGGRESSIVE;
				CLANG_WARN_UNREACHABLE_CODE = YES;
				CLANG_WARN__DUPLICATE_METHOD_MATCH = YES;
				COPY_PHASE_STRIP = NO;
				DEBUG_INFORMATION_FORMAT = dwarf;
				ENABLE_STRICT_OBJC_MSGSEND = YES;
				ENABLE_TESTABILITY = YES;
				GCC_C_LANGUAGE_STANDARD = gnu11;
				GCC_DYNAMIC_NO_PIC = NO;
				GCC_NO_COMMON_BLOCKS = YES;
				GCC_OPTIMIZATION_LEVEL = 0;
				GCC_PREPROCESSOR_DEFINITIONS = (
					"DEBUG=1",
					"$(inherited)",
				);
				GCC_WARN_64_TO_32_BIT_CONVERSION = YES;
				GCC_WARN_ABOUT_RETURN_TYPE = YES_ERROR;
				GCC_WARN_UNDECLARED_SELECTOR = YES;
				GCC_WARN_UNINITIALIZED_AUTOS = YES_AGGRESSIVE;
				GCC_WARN_UNUSED_FUNCTION = YES;
				GCC_WARN_UNUSED_VARIABLE = YES;
				MACOSX_DEPLOYMENT_TARGET = 12.1;
				MTL_ENABLE_DEBUG_INFO = INCLUDE_SOURCE;
				MTL_FAST_MATH = YES;
				ONLY_ACTIVE_ARCH = YES;
				SDKROOT = macosx;
				SWIFT_ACTIVE_COMPILATION_CONDITIONS = DEBUG;
				SWIFT_OPTIMIZATION_LEVEL = "-Onone";
			};
			name = Debug;
		};
		34A3170C2BB2FEA600C3811C /* Release */ = {
			isa = XCBuildConfiguration;
			buildSettings = {
				ALWAYS_SEARCH_USER_PATHS = NO;
				CLANG_ANALYZER_NONNULL = YES;
				CLANG_ANALYZER_NUMBER_OBJECT_CONVERSION = YES_AGGRESSIVE;
				CLANG_CXX_LANGUAGE_STANDARD = "gnu++17";
				CLANG_ENABLE_MODULES = YES;
				CLANG_ENABLE_OBJC_ARC = YES;
				CLANG_ENABLE_OBJC_WEAK = YES;
				CLANG_WARN_BLOCK_CAPTURE_AUTORELEASING = YES;
				CLANG_WARN_BOOL_CONVERSION = YES;
				CLANG_WARN_COMMA = YES;
				CLANG_WARN_CONSTANT_CONVERSION = YES;
				CLANG_WARN_DEPRECATED_OBJC_IMPLEMENTATIONS = YES;
				CLANG_WARN_DIRECT_OBJC_ISA_USAGE = YES_ERROR;
				CLANG_WARN_DOCUMENTATION_COMMENTS = YES;
				CLANG_WARN_EMPTY_BODY = YES;
				CLANG_WARN_ENUM_CONVERSION = YES;
				CLANG_WARN_INFINITE_RECURSION = YES;
				CLANG_WARN_INT_CONVERSION = YES;
				CLANG_WARN_NON_LITERAL_NULL_CONVERSION = YES;
				CLANG_WARN_OBJC_IMPLICIT_RETAIN_SELF = YES;
				CLANG_WARN_OBJC_LITERAL_CONVERSION = YES;
				CLANG_WARN_OBJC_ROOT_CLASS = YES_ERROR;
				CLANG_WARN_QUOTED_INCLUDE_IN_FRAMEWORK_HEADER = YES;
				CLANG_WARN_RANGE_LOOP_ANALYSIS = YES;
				CLANG_WARN_STRICT_PROTOTYPES = YES;
				CLANG_WARN_SUSPICIOUS_MOVE = YES;
				CLANG_WARN_UNGUARDED_AVAILABILITY = YES_AGGRESSIVE;
				CLANG_WARN_UNREACHABLE_CODE = YES;
				CLANG_WARN__DUPLICATE_METHOD_MATCH = YES;
				COPY_PHASE_STRIP = NO;
				DEBUG_INFORMATION_FORMAT = "dwarf-with-dsym";
				ENABLE_NS_ASSERTIONS = NO;
				ENABLE_STRICT_OBJC_MSGSEND = YES;
				GCC_C_LANGUAGE_STANDARD = gnu11;
				GCC_NO_COMMON_BLOCKS = YES;
				GCC_WARN_64_TO_32_BIT_CONVERSION = YES;
				GCC_WARN_ABOUT_RETURN_TYPE = YES_ERROR;
				GCC_WARN_UNDECLARED_SELECTOR = YES;
				GCC_WARN_UNINITIALIZED_AUTOS = YES_AGGRESSIVE;
				GCC_WARN_UNUSED_FUNCTION = YES;
				GCC_WARN_UNUSED_VARIABLE = YES;
				MACOSX_DEPLOYMENT_TARGET = 12.1;
				MTL_ENABLE_DEBUG_INFO = NO;
				MTL_FAST_MATH = YES;
				SDKROOT = macosx;
				SWIFT_COMPILATION_MODE = wholemodule;
				SWIFT_OPTIMIZATION_LEVEL = "-O";
			};
			name = Release;
		};
		34A3170E2BB2FEA600C3811C /* Debug */ = {
			isa = XCBuildConfiguration;
			buildSettings = {
				ASSETCATALOG_COMPILER_APPICON_NAME = AppIcon;
				ASSETCATALOG_COMPILER_GLOBAL_ACCENT_COLOR_NAME = AccentColor;
				CODE_SIGN_ENTITLEMENTS = LAB2/LAB2.entitlements;
				CODE_SIGN_STYLE = Automatic;
				COMBINE_HIDPI_IMAGES = YES;
				CURRENT_PROJECT_VERSION = 1;
				GENERATE_INFOPLIST_FILE = YES;
				INFOPLIST_KEY_NSHumanReadableCopyright = "";
				INFOPLIST_KEY_NSMainStoryboardFile = Main;
				INFOPLIST_KEY_NSPrincipalClass = NSApplication;
				LD_RUNPATH_SEARCH_PATHS = (
					"$(inherited)",
					"@executable_path/../Frameworks",
				);
				MARKETING_VERSION = 1.0;
				PRODUCT_BUNDLE_IDENTIFIER = jan.LAB2;
				PRODUCT_NAME = "$(TARGET_NAME)";
				SWIFT_EMIT_LOC_STRINGS = YES;
				SWIFT_VERSION = 5.0;
			};
			name = Debug;
		};
		34A3170F2BB2FEA600C3811C /* Release */ = {
			isa = XCBuildConfiguration;
			buildSettings = {
				ASSETCATALOG_COMPILER_APPICON_NAME = AppIcon;
				ASSETCATALOG_COMPILER_GLOBAL_ACCENT_COLOR_NAME = AccentColor;
				CODE_SIGN_ENTITLEMENTS = LAB2/LAB2.entitlements;
				CODE_SIGN_STYLE = Automatic;
				COMBINE_HIDPI_IMAGES = YES;
				CURRENT_PROJECT_VERSION = 1;
				GENERATE_INFOPLIST_FILE = YES;
				INFOPLIST_KEY_NSHumanReadableCopyright = "";
				INFOPLIST_KEY_NSMainStoryboardFile = Main;
				INFOPLIST_KEY_NSPrincipalClass = NSApplication;
				LD_RUNPATH_SEARCH_PATHS = (
					"$(inherited)",
					"@executable_path/../Frameworks",
				);
				MARKETING_VERSION = 1.0;
				PRODUCT_BUNDLE_IDENTIFIER = jan.LAB2;
				PRODUCT_NAME = "$(TARGET_NAME)";
				SWIFT_EMIT_LOC_STRINGS = YES;
				SWIFT_VERSION = 5.0;
			};
			name = Release;
		};
		34A317112BB2FEA600C3811C /* Debug */ = {
			isa = XCBuildConfiguration;
			buildSettings = {
				ALWAYS_EMBED_SWIFT_STANDARD_LIBRARIES = YES;
				BUNDLE_LOADER = "$(TEST_HOST)";
				CODE_SIGN_STYLE = Automatic;
				CURRENT_PROJECT_VERSION = 1;
				GENERATE_INFOPLIST_FILE = YES;
				MACOSX_DEPLOYMENT_TARGET = 12.1;
				MARKETING_VERSION = 1.0;
				PRODUCT_BUNDLE_IDENTIFIER = jan.LAB2Tests;
				PRODUCT_NAME = "$(TARGET_NAME)";
				SWIFT_EMIT_LOC_STRINGS = NO;
				SWIFT_VERSION = 5.0;
				TEST_HOST = "$(BUILT_PRODUCTS_DIR)/LAB2.app/Contents/MacOS/LAB2";
			};
			name = Debug;
		};
		34A317122BB2FEA600C3811C /* Release */ = {
			isa = XCBuildConfiguration;
			buildSettings = {
				ALWAYS_EMBED_SWIFT_STANDARD_LIBRARIES = YES;
				BUNDLE_LOADER = "$(TEST_HOST)";
				CODE_SIGN_STYLE = Automatic;
				CURRENT_PROJECT_VERSION = 1;
				GENERATE_INFOPLIST_FILE = YES;
				MACOSX_DEPLOYMENT_TARGET = 12.1;
				MARKETING_VERSION = 1.0;
				PRODUCT_BUNDLE_IDENTIFIER = jan.LAB2Tests;
				PRODUCT_NAME = "$(TARGET_NAME)";
				SWIFT_EMIT_LOC_STRINGS = NO;
				SWIFT_VERSION = 5.0;
				TEST_HOST = "$(BUILT_PRODUCTS_DIR)/LAB2.app/Contents/MacOS/LAB2";
			};
			name = Release;
		};
		34A317142BB2FEA600C3811C /* Debug */ = {
			isa = XCBuildConfiguration;
			buildSettings = {
				ALWAYS_EMBED_SWIFT_STANDARD_LIBRARIES = YES;
				CODE_SIGN_STYLE = Automatic;
				CURRENT_PROJECT_VERSION = 1;
				GENERATE_INFOPLIST_FILE = YES;
				MARKETING_VERSION = 1.0;
				PRODUCT_BUNDLE_IDENTIFIER = jan.LAB2UITests;
				PRODUCT_NAME = "$(TARGET_NAME)";
				SWIFT_EMIT_LOC_STRINGS = NO;
				SWIFT_VERSION = 5.0;
				TEST_TARGET_NAME = LAB2;
			};
			name = Debug;
		};
		34A317152BB2FEA600C3811C /* Release */ = {
			isa = XCBuildConfiguration;
			buildSettings = {
				ALWAYS_EMBED_SWIFT_STANDARD_LIBRARIES = YES;
				CODE_SIGN_STYLE = Automatic;
				CURRENT_PROJECT_VERSION = 1;
				GENERATE_INFOPLIST_FILE = YES;
				MARKETING_VERSION = 1.0;
				PRODUCT_BUNDLE_IDENTIFIER = jan.LAB2UITests;
				PRODUCT_NAME = "$(TARGET_NAME)";
				SWIFT_EMIT_LOC_STRINGS = NO;
				SWIFT_VERSION = 5.0;
				TEST_TARGET_NAME = LAB2;
			};
			name = Release;
		};
/* End XCBuildConfiguration section */

/* Begin XCConfigurationList section */
		34A316E32BB2FEA100C3811C /* Build configuration list for PBXProject "LAB2" */ = {
			isa = XCConfigurationList;
			buildConfigurations = (
				34A3170B2BB2FEA600C3811C /* Debug */,
				34A3170C2BB2FEA600C3811C /* Release */,
			);
			defaultConfigurationIsVisible = 0;
			defaultConfigurationName = Release;
		};
		34A3170D2BB2FEA600C3811C /* Build configuration list for PBXNativeTarget "LAB2" */ = {
			isa = XCConfigurationList;
			buildConfigurations = (
				34A3170E2BB2FEA600C3811C /* Debug */,
				34A3170F2BB2FEA600C3811C /* Release */,
			);
			defaultConfigurationIsVisible = 0;
			defaultConfigurationName = Release;
		};
		34A317102BB2FEA600C3811C /* Build configuration list for PBXNativeTarget "LAB2Tests" */ = {
			isa = XCConfigurationList;
			buildConfigurations = (
				34A317112BB2FEA600C3811C /* Debug */,
				34A317122BB2FEA600C3811C /* Release */,
			);
			defaultConfigurationIsVisible = 0;
			defaultConfigurationName = Release;
		};
		34A317132BB2FEA600C3811C /* Build configuration list for PBXNativeTarget "LAB2UITests" */ = {
			isa = XCConfigurationList;
			buildConfigurations = (
				34A317142BB2FEA600C3811C /* Debug */,
				34A317152BB2FEA600C3811C /* Release */,
			);
			defaultConfigurationIsVisible = 0;
			defaultConfigurationName = Release;
		};
/* End XCConfigurationList section */
	};
	rootObject = 34A316E02BB2FEA100C3811C /* Project object */;
}
